
Microsoft Visual Studio Solution File, Format Version 12.00
# Visual Studio Version 17
VisualStudioVersion = 17.14.36915.13 d17.14
MinimumVisualStudioVersion = 10.0.40219.1
Project("{FAE04EC0-301F-11D3-BF4B-00C04F79EFBC}") = "sttbproject", "sttbproject\sttbproject.csproj", "{83C566AB-660F-4D2F-97A1-8F66B3795675}"
EndProject
Project("{FAE04EC0-301F-11D3-BF4B-00C04F79EFBC}") = "sttbproject.Commons", "sttbproject.Commons\sttbproject.Commons.csproj", "{9F9FBB9B-B390-4C0C-AC4C-484EC6094F23}"
EndProject
Project("{FAE04EC0-301F-11D3-BF4B-00C04F79EFBC}") = "sttbproject.Contracts", "sttbproject.Contracts\sttbproject.Contracts.csproj", "{342C5C46-580B-44BB-87E9-4FC47DFEF364}"
EndProject
Project("{FAE04EC0-301F-11D3-BF4B-00C04F79EFBC}") = "sttbproject.entities", "sttbproject.entities\sttbproject.entities.csproj", "{90217BC4-B9A7-4AF2-B71D-31DD933A7F15}"
EndProject
Global
	GlobalSection(SolutionConfigurationPlatforms) = preSolution
		Debug|Any CPU = Debug|Any CPU
		Release|Any CPU = Release|Any CPU
	EndGlobalSection
	GlobalSection(ProjectConfigurationPlatforms) = postSolution
		{83C566AB-660F-4D2F-97A1-8F66B3795675}.Debug|Any CPU.ActiveCfg = Debug|Any CPU
		{83C566AB-660F-4D2F-97A1-8F66B3795675}.Debug|Any CPU.Build.0 = Debug|Any CPU
		{83C566AB-660F-4D2F-97A1-8F66B3795675}.Release|Any CPU.ActiveCfg = Release|Any CPU
		{83C566AB-660F-4D2F-97A1-8F66B3795675}.Release|Any CPU.Build.0 = Release|Any CPU
		{9F9FBB9B-B390-4C0C-AC4C-484EC6094F23}.Debug|Any CPU.ActiveCfg = Debug|Any CPU
		{9F9FBB9B-B390-4C0C-AC4C-484EC6094F23}.Debug|Any CPU.Build.0 = Debug|Any CPU
		{9F9FBB9B-B390-4C0C-AC4C-484EC6094F23}.Release|Any CPU.ActiveCfg = Release|Any CPU
		{9F9FBB9B-B390-4C0C-AC4C-484EC6094F23}.Release|Any CPU.Build.0 = Release|Any CPU
		{342C5C46-580B-44BB-87E9-4FC47DFEF364}.Debug|Any CPU.ActiveCfg = Debug|Any CPU
		{342C5C46-580B-44BB-87E9-4FC47DFEF364}.Debug|Any CPU.Build.0 = Debug|Any CPU
		{342C5C46-580B-44BB-87E9-4FC47DFEF364}.Release|Any CPU.ActiveCfg = Release|Any CPU
		{342C5C46-580B-44BB-87E9-4FC47DFEF364}.Release|Any CPU.Build.0 = Release|Any CPU
		{90217BC4-B9A7-4AF2-B71D-31DD933A7F15}.Debug|Any CPU.ActiveCfg = Debug|Any CPU
		{90217BC4-B9A7-4AF2-B71D-31DD933A7F15}.Debug|Any CPU.Build.0 = Debug|Any CPU
		{90217BC4-B9A7-4AF2-B71D-31DD933A7F15}.Release|Any CPU.ActiveCfg = Release|Any CPU
		{90217BC4-B9A7-4AF2-B71D-31DD933A7F15}.Release|Any CPU.Build.0 = Release|Any CPU
	EndGlobalSection
	GlobalSection(SolutionProperties) = preSolution
		HideSolutionNode = FALSE
	EndGlobalSection
	GlobalSection(ExtensibilityGlobals) = postSolution
		SolutionGuid = {77C93168-198C-4B57-95F3-183AC1001BD2}
	EndGlobalSection
EndGlobal
